PODS:
  - TableViewDragger (1.3.0)

DEPENDENCIES:
  - TableViewDragger

SPEC REPOS:
  https://github.com/cocoapods/specs.git:
    - TableViewDragger

SPEC CHECKSUMS:
  TableViewDragger: 5933729a18d1606e16388d72f6d4fe5f3a0bcaf4

PODFILE CHECKSUM: 748aa1c38016f11c3b3e8005b4623d0a8ee16718

COCOAPODS: 1.5.3
